
Microsoft Visual Studio Solution File, Format Version 12.00
# Visual Studio Version 16
VisualStudioVersion = 16.0.31313.79
MinimumVisualStudioVersion = 10.0.40219.1
Project("{FAE04EC0-301F-11D3-BF4B-00C04F79EFBC}") = "AlgorithmSln", "AlgorithmSln\AlgorithmSln.csproj", "{7E12B252-2F96-4D96-92B9-079FF4B53763}"
EndProject
Project("{FAE04EC0-301F-11D3-BF4B-00C04F79EFBC}") = "Common", "Common\Common.csproj", "{07DE91E0-66BE-4C88-BB03-7F69CFC030BC}"
EndProject
Global
	GlobalSection(SolutionConfigurationPlatforms) = preSolution
		Debug|Any CPU = Debug|Any CPU
		Release|Any CPU = Release|Any CPU
	EndGlobalSection
	GlobalSection(ProjectConfigurationPlatforms) = postSolution
		{7E12B252-2F96-4D96-92B9-079FF4B53763}.Debug|Any CPU.ActiveCfg = Debug|Any CPU
		{7E12B252-2F96-4D96-92B9-079FF4B53763}.Debug|Any CPU.Build.0 = Debug|Any CPU
		{7E12B252-2F96-4D96-92B9-079FF4B53763}.Release|Any CPU.ActiveCfg = Release|Any CPU
		{7E12B252-2F96-4D96-92B9-079FF4B53763}.Release|Any CPU.Build.0 = Release|Any CPU
		{07DE91E0-66BE-4C88-BB03-7F69CFC030BC}.Debug|Any CPU.ActiveCfg = Debug|Any CPU
		{07DE91E0-66BE-4C88-BB03-7F69CFC030BC}.Debug|Any CPU.Build.0 = Debug|Any CPU
		{07DE91E0-66BE-4C88-BB03-7F69CFC030BC}.Release|Any CPU.ActiveCfg = Release|Any CPU
		{07DE91E0-66BE-4C88-BB03-7F69CFC030BC}.Release|Any CPU.Build.0 = Release|Any CPU
	EndGlobalSection
	GlobalSection(SolutionProperties) = preSolution
		HideSolutionNode = FALSE
	EndGlobalSection
	GlobalSection(ExtensibilityGlobals) = postSolution
		SolutionGuid = {EC385175-6912-43C2-9DCE-F8FC201094A7}
	EndGlobalSection
EndGlobal
